
Microsoft Visual Studio Solution File, Format Version 12.00
# Visual Studio Version 16
VisualStudioVersion = 16.0.31729.503
MinimumVisualStudioVersion = 10.0.40219.1
Project("{FAE04EC0-301F-11D3-BF4B-00C04F79EFBC}") = "Labos2", "Labos2\Labos2.csproj", "{FEBDE50B-C899-40ED-B4AB-7529563ECF55}"
EndProject
Global
	GlobalSection(SolutionConfigurationPlatforms) = preSolution
		Debug|Any CPU = Debug|Any CPU
		Release|Any CPU = Release|Any CPU
	EndGlobalSection
	GlobalSection(ProjectConfigurationPlatforms) = postSolution
		{FEBDE50B-C899-40ED-B4AB-7529563ECF55}.Debug|Any CPU.ActiveCfg = Debug|Any CPU
		{FEBDE50B-C899-40ED-B4AB-7529563ECF55}.Debug|Any CPU.Build.0 = Debug|Any CPU
		{FEBDE50B-C899-40ED-B4AB-7529563ECF55}.Release|Any CPU.ActiveCfg = Release|Any CPU
		{FEBDE50B-C899-40ED-B4AB-7529563ECF55}.Release|Any CPU.Build.0 = Release|Any CPU
	EndGlobalSection
	GlobalSection(SolutionProperties) = preSolution
		HideSolutionNode = FALSE
	EndGlobalSection
	GlobalSection(ExtensibilityGlobals) = postSolution
		SolutionGuid = {EFF8E3D3-E03E-4533-A3E9-BA70C40DE816}
	EndGlobalSection
EndGlobal
